// !$*UTF8*$!
{
	archiveVersion = 1;
	classes = {
	};
	objectVersion = 46;
	objects = {

/* Begin PBXBuildFile section */
		A4F73E111E3CCD46006756AD /* main.m in Sources */ = {isa = PBXBuildFile; fileRef = A4F73E101E3CCD46006756AD /* main.m */; };
		A4F73E141E3CCD46006756AD /* AppDelegate.m in Sources */ = {isa = PBXBuildFile; fileRef = A4F73E131E3CCD46006756AD /* AppDelegate.m */; };
		A4F73E171E3CCD46006756AD /* ViewController.m in Sources */ = {isa = PBXBuildFile; fileRef = A4F73E161E3CCD46006756AD /* ViewController.m */; };
		A4F73E1A1E3CCD46006756AD /* Main.storyboard in Resources */ = {isa = PBXBuildFile; fileRef = A4F73E181E3CCD46006756AD /* Main.storyboard */; };
		A4F73E1C1E3CCD46006756AD /* Assets.xcassets in Resources */ = {isa = PBXBuildFile; fileRef = A4F73E1B1E3CCD46006756AD /* Assets.xcassets */; };
		DF9A056AB3A0D93CC8F71EFC /* Pods_tvOS_Sample.framework in Frameworks */ = {isa = PBXBuildFile; fileRef = B5981BD50F01B1A61C2CED24 /* Pods_tvOS_Sample.framework */; };
/* End PBXBuildFile section */

/* Begin PBXFileReference section */
		A3EF2C0F3E8D5674A6686248 /* Pods-tvOS Sample.debug.xcconfig */ = {isa = PBXFileReference; includeInIndex = 1; lastKnownFileType = text.xcconfig; name = "Pods-tvOS Sample.debug.xcconfig"; path = "../../Pods/Target Support Files/Pods-tvOS Sample/Pods-tvOS Sample.debug.xcconfig"; sourceTree = "<group>"; };
		A4F73E0C1E3CCD46006756AD /* tvOS Sample.app */ = {isa = PBXFileReference; explicitFileType = wrapper.application; includeInIndex = 0; path = "tvOS Sample.app"; sourceTree = BUILT_PRODUCTS_DIR; };
		A4F73E101E3CCD46006756AD /* main.m */ = {isa = PBXFileReference; lastKnownFileType = sourcecode.c.objc; path = main.m; sourceTree = "<group>"; };
		A4F73E121E3CCD46006756AD /* AppDelegate.h */ = {isa = PBXFileReference; lastKnownFileType = sourcecode.c.h; path = AppDelegate.h; sourceTree = "<group>"; };
		A4F73E131E3CCD46006756AD /* AppDelegate.m */ = {isa = PBXFileReference; lastKnownFileType = sourcecode.c.objc; path = AppDelegate.m; sourceTree = "<group>"; };
		A4F73E151E3CCD46006756AD /* ViewController.h */ = {isa = PBXFileReference; lastKnownFileType = sourcecode.c.h; path = ViewController.h; sourceTree = "<group>"; };
		A4F73E161E3CCD46006756AD /* ViewController.m */ = {isa = PBXFileReference; lastKnownFileType = sourcecode.c.objc; path = ViewController.m; sourceTree = "<group>"; };
		A4F73E191E3CCD46006756AD /* Base */ = {isa = PBXFileReference; lastKnownFileType = file.storyboard; name = Base; path = Base.lproj/Main.storyboard; sourceTree = "<group>"; };
		A4F73E1B1E3CCD46006756AD /* Assets.xcassets */ = {isa = PBXFileReference; lastKnownFileType = folder.assetcatalog; path = Assets.xcassets; sourceTree = "<group>"; };
		A4F73E1D1E3CCD46006756AD /* Info.plist */ = {isa = PBXFileReference; lastKnownFileType = text.plist.xml; path = Info.plist; sourceTree = "<group>"; };
		B5981BD50F01B1A61C2CED24 /* Pods_tvOS_Sample.framework */ = {isa = PBXFileReference; explicitFileType = wrapper.framework; includeInIndex = 0; path = Pods_tvOS_Sample.framework; sourceTree = BUILT_PRODUCTS_DIR; };
		BE1BED447698C306B5F87A9C /* Pods-tvOS Sample.release.xcconfig */ = {isa = PBXFileReference; includeInIndex = 1; lastKnownFileType = text.xcconfig; name = "Pods-tvOS Sample.release.xcconfig"; path = "../../Pods/Target Support Files/Pods-tvOS Sample/Pods-tvOS Sample.release.xcconfig"; sourceTree = "<group>"; };
/* End PBXFileReference section */

/* Begin PBXFrameworksBuildPhase section */
		A4F73E091E3CCD46006756AD /* Frameworks */ = {
			isa = PBXFrameworksBuildPhase;
			buildActionMask = 2147483647;
			files = (
				DF9A056AB3A0D93CC8F71EFC /* Pods_tvOS_Sample.framework in Frameworks */,
			);
			runOnlyForDeploymentPostprocessing = 0;
		};
/* End PBXFrameworksBuildPhase section */

/* Begin PBXGroup section */
		08BEF86E9CB8E0D8B82BE614 /* Pods */ = {
			isa = PBXGroup;
			children = (
				A3EF2C0F3E8D5674A6686248 /* Pods-tvOS Sample.debug.xcconfig */,
				BE1BED447698C306B5F87A9C /* Pods-tvOS Sample.release.xcconfig */,
			);
			name = Pods;
			sourceTree = "<group>";
		};
		A4F73E031E3CCD46006756AD = {
			isa = PBXGroup;
			children = (
				A4F73E0E1E3CCD46006756AD /* tvOS Sample */,
				A4F73E0D1E3CCD46006756AD /* Products */,
				08BEF86E9CB8E0D8B82BE614 /* Pods */,
				DA67AA957CA818B0E981CE5E /* Frameworks */,
			);
			sourceTree = "<group>";
		};
		A4F73E0D1E3CCD46006756AD /* Products */ = {
			isa = PBXGroup;
			children = (
				A4F73E0C1E3CCD46006756AD /* tvOS Sample.app */,
			);
			name = Products;
			sourceTree = "<group>";
		};
		A4F73E0E1E3CCD46006756AD /* tvOS Sample */ = {
			isa = PBXGroup;
			children = (
				A4F73E121E3CCD46006756AD /* AppDelegate.h */,
				A4F73E131E3CCD46006756AD /* AppDelegate.m */,
				A4F73E151E3CCD46006756AD /* ViewController.h */,
				A4F73E161E3CCD46006756AD /* ViewController.m */,
				A4F73E181E3CCD46006756AD /* Main.storyboard */,
				A4F73E1B1E3CCD46006756AD /* Assets.xcassets */,
				A4F73E1D1E3CCD46006756AD /* Info.plist */,
				A4F73E0F1E3CCD46006756AD /* Supporting Files */,
			);
			path = "tvOS Sample";
			sourceTree = "<group>";
		};
		A4F73E0F1E3CCD46006756AD /* Supporting Files */ = {
			isa = PBXGroup;
			children = (
				A4F73E101E3CCD46006756AD /* main.m */,
			);
			name = "Supporting Files";
			sourceTree = "<group>";
		};
		DA67AA957CA818B0E981CE5E /* Frameworks */ = {
			isa = PBXGroup;
			children = (
				B5981BD50F01B1A61C2CED24 /* Pods_tvOS_Sample.framework */,
			);
			name = Frameworks;
			sourceTree = "<group>";
		};
/* End PBXGroup section */

/* Begin PBXNativeTarget section */
		A4F73E0B1E3CCD46006756AD /* tvOS Sample */ = {
			isa = PBXNativeTarget;
			buildConfigurationList = A4F73E201E3CCD46006756AD /* Build configuration list for PBXNativeTarget "tvOS Sample" */;
			buildPhases = (
				B8EA846DC9DA3978DC26F76B /* [CP] Check Pods Manifest.lock */,
				A4F73E081E3CCD46006756AD /* Sources */,
				A4F73E091E3CCD46006756AD /* Frameworks */,
				A4F73E0A1E3CCD46006756AD /* Resources */,
				1AF9368AA39F836591AB29EF /* [CP] Embed Pods Frameworks */,
			);
			buildRules = (
			);
			dependencies = (
			);
			name = "tvOS Sample";
			productName = "tvOS Sample";
			productReference = A4F73E0C1E3CCD46006756AD /* tvOS Sample.app */;
			productType = "com.apple.product-type.application";
		};
/* End PBXNativeTarget section */

/* Begin PBXProject section */
		A4F73E041E3CCD46006756AD /* Project object */ = {
			isa = PBXProject;
			attributes = {
				LastUpgradeCheck = 1220;
				ORGANIZATIONNAME = "Abdullah Selek";
				TargetAttributes = {
					A4F73E0B1E3CCD46006756AD = {
						CreatedOnToolsVersion = 8.2.1;
						ProvisioningStyle = Automatic;
					};
				};
			};
			buildConfigurationList = A4F73E071E3CCD46006756AD /* Build configuration list for PBXProject "tvOS Sample" */;
			compatibilityVersion = "Xcode 3.2";
			developmentRegion = en;
			hasScannedForEncodings = 0;
			knownRegions = (
				en,
				Base,
			);
			mainGroup = A4F73E031E3CCD46006756AD;
			productRefGroup = A4F73E0D1E3CCD46006756AD /* Products */;
			projectDirPath = "";
			projectRoot = "";
			targets = (
				A4F73E0B1E3CCD46006756AD /* tvOS Sample */,
			);
		};
/* End PBXProject section */

/* Begin PBXResourcesBuildPhase section */
		A4F73E0A1E3CCD46006756AD /* Resources */ = {
			isa = PBXResourcesBuildPhase;
			buildActionMask = 2147483647;
			files = (
				A4F73E1C1E3CCD46006756AD /* Assets.xcassets in Resources */,
				A4F73E1A1E3CCD46006756AD /* Main.storyboard in Resources */,
			);
			runOnlyForDeploymentPostprocessing = 0;
		};
/* End PBXResourcesBuildPhase section */

/* Begin PBXShellScriptBuildPhase section */
		1AF9368AA39F836591AB29EF /* [CP] Embed Pods Frameworks */ = {
			isa = PBXShellScriptBuildPhase;
			buildActionMask = 2147483647;
			files = (
			);
			inputPaths = (
				"${SRCROOT}/../../Pods/Target Support Files/Pods-tvOS Sample/Pods-tvOS Sample-frameworks.sh",
				"${BUILT_PRODUCTS_DIR}/Merhaba-tvOS/Merhaba.framework",
			);
			name = "[CP] Embed Pods Frameworks";
			outputPaths = (
				"${TARGET_BUILD_DIR}/${FRAMEWORKS_FOLDER_PATH}/Merhaba.framework",
			);
			runOnlyForDeploymentPostprocessing = 0;
			shellPath = /bin/sh;
			shellScript = "\"${SRCROOT}/../../Pods/Target Support Files/Pods-tvOS Sample/Pods-tvOS Sample-frameworks.sh\"\n";
			showEnvVarsInLog = 0;
		};
		B8EA846DC9DA3978DC26F76B /* [CP] Check Pods Manifest.lock */ = {
			isa = PBXShellScriptBuildPhase;
			buildActionMask = 2147483647;
			files = (
			);
			inputPaths = (
				"${PODS_PODFILE_DIR_PATH}/Podfile.lock",
				"${PODS_ROOT}/Manifest.lock",
			);
			name = "[CP] Check Pods Manifest.lock";
			outputPaths = (
				"$(DERIVED_FILE_DIR)/Pods-tvOS Sample-checkManifestLockResult.txt",
			);
			runOnlyForDeploymentPostprocessing = 0;
			shellPath = /bin/sh;
			shellScript = "diff \"${PODS_PODFILE_DIR_PATH}/Podfile.lock\" \"${PODS_ROOT}/Manifest.lock\" > /dev/null\nif [ $? != 0 ] ; then\n    # print error to STDERR\n    echo \"error: The sandbox is not in sync with the Podfile.lock. Run 'pod install' or update your CocoaPods installation.\" >&2\n    exit 1\nfi\n# This output is used by Xcode 'outputs' to avoid re-running this script phase.\necho \"SUCCESS\" > \"${SCRIPT_OUTPUT_FILE_0}\"\n";
			showEnvVarsInLog = 0;
		};
/* End PBXShellScriptBuildPhase section */

/* Begin PBXSourcesBuildPhase section */
		A4F73E081E3CCD46006756AD /* Sources */ = {
			isa = PBXSourcesBuildPhase;
			buildActionMask = 2147483647;
			files = (
				A4F73E171E3CCD46006756AD /* ViewController.m in Sources */,
				A4F73E141E3CCD46006756AD /* AppDelegate.m in Sources */,
				A4F73E111E3CCD46006756AD /* main.m in Sources */,
			);
			runOnlyForDeploymentPostprocessing = 0;
		};
/* End PBXSourcesBuildPhase section */

/* Begin PBXVariantGroup section */
		A4F73E181E3CCD46006756AD /* Main.storyboard */ = {
			isa = PBXVariantGroup;
			children = (
				A4F73E191E3CCD46006756AD /* Base */,
			);
			name = Main.storyboard;
			sourceTree = "<group>";
		};
/* End PBXVariantGroup section */

/* Begin XCBuildConfiguration section */
		A4F73E1E1E3CCD46006756AD /* Debug */ = {
			isa = XCBuildConfiguration;
			buildSettings = {
				ALWAYS_SEARCH_USER_PATHS = NO;
				CLANG_ANALYZER_LOCALIZABILITY_NONLOCALIZED = YES;
				CLANG_ANALYZER_NONNULL = YES;
				CLANG_CXX_LANGUAGE_STANDARD = "gnu++0x";
				CLANG_CXX_LIBRARY = "libc++";
				CLANG_ENABLE_MODULES = YES;
				CLANG_ENABLE_OBJC_ARC = YES;
				CLANG_WARN_BLOCK_CAPTURE_AUTORELEASING = YES;
				CLANG_WARN_BOOL_CONVERSION = YES;
				CLANG_WARN_COMMA = YES;
				CLANG_WARN_CONSTANT_CONVERSION = YES;
				CLANG_WARN_DEPRECATED_OBJC_IMPLEMENTATIONS = YES;
				CLANG_WARN_DIRECT_OBJC_ISA_USAGE = YES_ERROR;
				CLANG_WARN_DOCUMENTATION_COMMENTS = YES;
				CLANG_WARN_EMPTY_BODY = YES;
				CLANG_WARN_ENUM_CONVERSION = YES;
				CLANG_WARN_INFINITE_RECURSION = YES;
				CLANG_WARN_INT_CONVERSION = YES;
				CLANG_WARN_NON_LITERAL_NULL_CONVERSION = YES;
				CLANG_WARN_OBJC_IMPLICIT_RETAIN_SELF = YES;
				CLANG_WARN_OBJC_LITERAL_CONVERSION = YES;
				CLANG_WARN_OBJC_ROOT_CLASS = YES_ERROR;
				CLANG_WARN_QUOTED_INCLUDE_IN_FRAMEWORK_HEADER = YES;
				CLANG_WARN_RANGE_LOOP_ANALYSIS = YES;
				CLANG_WARN_STRICT_PROTOTYPES = YES;
				CLANG_WARN_SUSPICIOUS_MOVE = YES;
				CLANG_WARN_UNREACHABLE_CODE = YES;
				CLANG_WARN__DUPLICATE_METHOD_MATCH = YES;
				COPY_PHASE_STRIP = NO;
				DEBUG_INFORMATION_FORMAT = dwarf;
				ENABLE_STRICT_OBJC_MSGSEND = YES;
				ENABLE_TESTABILITY = YES;
				GCC_C_LANGUAGE_STANDARD = gnu99;
				GCC_DYNAMIC_NO_PIC = NO;
				GCC_NO_COMMON_BLOCKS = YES;
				GCC_OPTIMIZATION_LEVEL = 0;
				GCC_PREPROCESSOR_DEFINITIONS = (
					"DEBUG=1",
					"$(inherited)",
				);
				GCC_WARN_64_TO_32_BIT_CONVERSION = YES;
				GCC_WARN_ABOUT_RETURN_TYPE = YES_ERROR;
				GCC_WARN_UNDECLARED_SELECTOR = YES;
				GCC_WARN_UNINITIALIZED_AUTOS = YES_AGGRESSIVE;
				GCC_WARN_UNUSED_FUNCTION = YES;
				GCC_WARN_UNUSED_VARIABLE = YES;
				MTL_ENABLE_DEBUG_INFO = YES;
				ONLY_ACTIVE_ARCH = YES;
				SDKROOT = appletvos;
				TARGETED_DEVICE_FAMILY = 3;
				TVOS_DEPLOYMENT_TARGET = 10.1;
			};
			name = Debug;
		};
		A4F73E1F1E3CCD46006756AD /* Release */ = {
			isa = XCBuildConfiguration;
			buildSettings = {
				ALWAYS_SEARCH_USER_PATHS = NO;
				CLANG_ANALYZER_LOCALIZABILITY_NONLOCALIZED = YES;
				CLANG_ANALYZER_NONNULL = YES;
				CLANG_CXX_LANGUAGE_STANDARD = "gnu++0x";
				CLANG_CXX_LIBRARY = "libc++";
				CLANG_ENABLE_MODULES = YES;
				CLANG_ENABLE_OBJC_ARC = YES;
				CLANG_WARN_BLOCK_CAPTURE_AUTORELEASING = YES;
				CLANG_WARN_BOOL_CONVERSION = YES;
				CLANG_WARN_COMMA = YES;
				CLANG_WARN_CONSTANT_CONVERSION = YES;
				CLANG_WARN_DEPRECATED_OBJC_IMPLEMENTATIONS = YES;
				CLANG_WARN_DIRECT_OBJC_ISA_USAGE = YES_ERROR;
				CLANG_WARN_DOCUMENTATION_COMMENTS = YES;
				CLANG_WARN_EMPTY_BODY = YES;
				CLANG_WARN_ENUM_CONVERSION = YES;
				CLANG_WARN_INFINITE_RECURSION = YES;
				CLANG_WARN_INT_CONVERSION = YES;
				CLANG_WARN_NON_LITERAL_NULL_CONVERSION = YES;
				CLANG_WARN_OBJC_IMPLICIT_RETAIN_SELF = YES;
				CLANG_WARN_OBJC_LITERAL_CONVERSION = YES;
				CLANG_WARN_OBJC_ROOT_CLASS = YES_ERROR;
				CLANG_WARN_QUOTED_INCLUDE_IN_FRAMEWORK_HEADER = YES;
				CLANG_WARN_RANGE_LOOP_ANALYSIS = YES;
				CLANG_WARN_STRICT_PROTOTYPES = YES;
				CLANG_WARN_SUSPICIOUS_MOVE = YES;
				CLANG_WARN_UNREACHABLE_CODE = YES;
				CLANG_WARN__DUPLICATE_METHOD_MATCH = YES;
				COPY_PHASE_STRIP = NO;
				DEBUG_INFORMATION_FORMAT = "dwarf-with-dsym";
				ENABLE_NS_ASSERTIONS = NO;
				ENABLE_STRICT_OBJC_MSGSEND = YES;
				GCC_C_LANGUAGE_STANDARD = gnu99;
				GCC_NO_COMMON_BLOCKS = YES;
				GCC_WARN_64_TO_32_BIT_CONVERSION = YES;
				GCC_WARN_ABOUT_RETURN_TYPE = YES_ERROR;
				GCC_WARN_UNDECLARED_SELECTOR = YES;
				GCC_WARN_UNINITIALIZED_AUTOS = YES_AGGRESSIVE;
				GCC_WARN_UNUSED_FUNCTION = YES;
				GCC_WARN_UNUSED_VARIABLE = YES;
				MTL_ENABLE_DEBUG_INFO = NO;
				SDKROOT = appletvos;
				TARGETED_DEVICE_FAMILY = 3;
				TVOS_DEPLOYMENT_TARGET = 10.1;
				VALIDATE_PRODUCT = YES;
			};
			name = Release;
		};
		A4F73E211E3CCD46006756AD /* Debug */ = {
			isa = XCBuildConfiguration;
			baseConfigurationReference = A3EF2C0F3E8D5674A6686248 /* Pods-tvOS Sample.debug.xcconfig */;
			buildSettings = {
				ASSETCATALOG_COMPILER_APPICON_NAME = "App Icon & Top Shelf Image";
				ASSETCATALOG_COMPILER_LAUNCHIMAGE_NAME = LaunchImage;
				INFOPLIST_FILE = "tvOS Sample/Info.plist";
				LD_RUNPATH_SEARCH_PATHS = "$(inherited) @executable_path/Frameworks";
				PRODUCT_BUNDLE_IDENTIFIER = "com.abdullahselek.tvOS-Sample";
				PRODUCT_NAME = "$(TARGET_NAME)";
			};
			name = Debug;
		};
		A4F73E221E3CCD46006756AD /* Release */ = {
			isa = XCBuildConfiguration;
			baseConfigurationReference = BE1BED447698C306B5F87A9C /* Pods-tvOS Sample.release.xcconfig */;
			buildSettings = {
				ASSETCATALOG_COMPILER_APPICON_NAME = "App Icon & Top Shelf Image";
				ASSETCATALOG_COMPILER_LAUNCHIMAGE_NAME = LaunchImage;
				INFOPLIST_FILE = "tvOS Sample/Info.plist";
				LD_RUNPATH_SEARCH_PATHS = "$(inherited) @executable_path/Frameworks";
				PRODUCT_BUNDLE_IDENTIFIER = "com.abdullahselek.tvOS-Sample";
				PRODUCT_NAME = "$(TARGET_NAME)";
			};
			name = Release;
		};
/* End XCBuildConfiguration section */

/* Begin XCConfigurationList section */
		A4F73E071E3CCD46006756AD /* Build configuration list for PBXProject "tvOS Sample" */ = {
			isa = XCConfigurationList;
			buildConfigurations = (
				A4F73E1E1E3CCD46006756AD /* Debug */,
				A4F73E1F1E3CCD46006756AD /* Release */,
			);
			defaultConfigurationIsVisible = 0;
			defaultConfigurationName = Release;
		};
		A4F73E201E3CCD46006756AD /* Build configuration list for PBXNativeTarget "tvOS Sample" */ = {
			isa = XCConfigurationList;
			buildConfigurations = (
				A4F73E211E3CCD46006756AD /* Debug */,
				A4F73E221E3CCD46006756AD /* Release */,
			);
			defaultConfigurationIsVisible = 0;
			defaultConfigurationName = Release;
		};
/* End XCConfigurationList section */
	};
	rootObject = A4F73E041E3CCD46006756AD /* Project object */;
}
