PODS:
  - Merhaba (1.1.0)
  - OCMock (3.4)

DEPENDENCIES:
  - Merhaba (from `.`)
  - OCMock (~> 3.4)

EXTERNAL SOURCES:
  Merhaba:
    :path: "."

SPEC CHECKSUMS:
  Merhaba: 6de6ffefed8a82611cd6385724b98d45c7d15a02
  OCMock: 35ae71d6a8fcc1b59434d561d1520b9dd4f15765

PODFILE CHECKSUM: 64e7bd92910cd1c3d4565452e044772a016ca8b0

COCOAPODS: 1.1.1
