PODS:
  - Merhaba (1.1.0)
  - OCMock (3.4)

DEPENDENCIES:
  - Merhaba (from `.`)
  - OCMock (~> 3.4)

EXTERNAL SOURCES:
  Merhaba:
    :path: "."

SPEC CHECKSUMS:
  Merhaba: b19889bc7b4eb5c9b57470dd7b9560bca2f4ef63
  OCMock: 35ae71d6a8fcc1b59434d561d1520b9dd4f15765

PODFILE CHECKSUM: 5b7eaec5897dc5e1265e1f5d9b4b2647fb9a635d

COCOAPODS: 1.1.1
