// !$*UTF8*$!
{
	archiveVersion = 1;
	classes = {
	};
	objectVersion = 46;
	objects = {

/* Begin PBXBuildFile section */
		936AA131BD229EF0C88335C6 /* Pods_iOS_Sample.framework in Frameworks */ = {isa = PBXBuildFile; fileRef = BBFA4028527BE6F36B4E329A /* Pods_iOS_Sample.framework */; };
		A40A2A041E296F9A003B0761 /* main.m in Sources */ = {isa = PBXBuildFile; fileRef = A40A2A031E296F9A003B0761 /* main.m */; };
		A40A2A071E296F9A003B0761 /* AppDelegate.m in Sources */ = {isa = PBXBuildFile; fileRef = A40A2A061E296F9A003B0761 /* AppDelegate.m */; };
		A40A2A0A1E296F9A003B0761 /* ViewController.m in Sources */ = {isa = PBXBuildFile; fileRef = A40A2A091E296F9A003B0761 /* ViewController.m */; };
		A40A2A0D1E296F9A003B0761 /* Main.storyboard in Resources */ = {isa = PBXBuildFile; fileRef = A40A2A0B1E296F9A003B0761 /* Main.storyboard */; };
		A40A2A0F1E296F9A003B0761 /* Assets.xcassets in Resources */ = {isa = PBXBuildFile; fileRef = A40A2A0E1E296F9A003B0761 /* Assets.xcassets */; };
		A40A2A121E296F9A003B0761 /* LaunchScreen.storyboard in Resources */ = {isa = PBXBuildFile; fileRef = A40A2A101E296F9A003B0761 /* LaunchScreen.storyboard */; };
/* End PBXBuildFile section */

/* Begin PBXFileReference section */
		A40A29FF1E296F9A003B0761 /* iOS Sample.app */ = {isa = PBXFileReference; explicitFileType = wrapper.application; includeInIndex = 0; path = "iOS Sample.app"; sourceTree = BUILT_PRODUCTS_DIR; };
		A40A2A031E296F9A003B0761 /* main.m */ = {isa = PBXFileReference; lastKnownFileType = sourcecode.c.objc; path = main.m; sourceTree = "<group>"; };
		A40A2A051E296F9A003B0761 /* AppDelegate.h */ = {isa = PBXFileReference; lastKnownFileType = sourcecode.c.h; path = AppDelegate.h; sourceTree = "<group>"; };
		A40A2A061E296F9A003B0761 /* AppDelegate.m */ = {isa = PBXFileReference; lastKnownFileType = sourcecode.c.objc; path = AppDelegate.m; sourceTree = "<group>"; };
		A40A2A081E296F9A003B0761 /* ViewController.h */ = {isa = PBXFileReference; lastKnownFileType = sourcecode.c.h; path = ViewController.h; sourceTree = "<group>"; };
		A40A2A091E296F9A003B0761 /* ViewController.m */ = {isa = PBXFileReference; lastKnownFileType = sourcecode.c.objc; path = ViewController.m; sourceTree = "<group>"; };
		A40A2A0C1E296F9A003B0761 /* Base */ = {isa = PBXFileReference; lastKnownFileType = file.storyboard; name = Base; path = Base.lproj/Main.storyboard; sourceTree = "<group>"; };
		A40A2A0E1E296F9A003B0761 /* Assets.xcassets */ = {isa = PBXFileReference; lastKnownFileType = folder.assetcatalog; path = Assets.xcassets; sourceTree = "<group>"; };
		A40A2A111E296F9A003B0761 /* Base */ = {isa = PBXFileReference; lastKnownFileType = file.storyboard; name = Base; path = Base.lproj/LaunchScreen.storyboard; sourceTree = "<group>"; };
		A40A2A131E296F9A003B0761 /* Info.plist */ = {isa = PBXFileReference; lastKnownFileType = text.plist.xml; path = Info.plist; sourceTree = "<group>"; };
		BBFA4028527BE6F36B4E329A /* Pods_iOS_Sample.framework */ = {isa = PBXFileReference; explicitFileType = wrapper.framework; includeInIndex = 0; path = Pods_iOS_Sample.framework; sourceTree = BUILT_PRODUCTS_DIR; };
		BF7C0514CC3AAA7A7B9ABB5C /* Pods-iOS Sample.release.xcconfig */ = {isa = PBXFileReference; includeInIndex = 1; lastKnownFileType = text.xcconfig; name = "Pods-iOS Sample.release.xcconfig"; path = "../../Pods/Target Support Files/Pods-iOS Sample/Pods-iOS Sample.release.xcconfig"; sourceTree = "<group>"; };
		C271CFD1F4124714E9E3FAAF /* Pods-iOS Sample.debug.xcconfig */ = {isa = PBXFileReference; includeInIndex = 1; lastKnownFileType = text.xcconfig; name = "Pods-iOS Sample.debug.xcconfig"; path = "../../Pods/Target Support Files/Pods-iOS Sample/Pods-iOS Sample.debug.xcconfig"; sourceTree = "<group>"; };
/* End PBXFileReference section */

/* Begin PBXFrameworksBuildPhase section */
		A40A29FC1E296F9A003B0761 /* Frameworks */ = {
			isa = PBXFrameworksBuildPhase;
			buildActionMask = 2147483647;
			files = (
				936AA131BD229EF0C88335C6 /* Pods_iOS_Sample.framework in Frameworks */,
			);
			runOnlyForDeploymentPostprocessing = 0;
		};
/* End PBXFrameworksBuildPhase section */

/* Begin PBXGroup section */
		14C9C342598A9D1E7182CCE0 /* Pods */ = {
			isa = PBXGroup;
			children = (
				C271CFD1F4124714E9E3FAAF /* Pods-iOS Sample.debug.xcconfig */,
				BF7C0514CC3AAA7A7B9ABB5C /* Pods-iOS Sample.release.xcconfig */,
			);
			name = Pods;
			sourceTree = "<group>";
		};
		4ABEF86C78994D8EE0FA74C8 /* Frameworks */ = {
			isa = PBXGroup;
			children = (
				BBFA4028527BE6F36B4E329A /* Pods_iOS_Sample.framework */,
			);
			name = Frameworks;
			sourceTree = "<group>";
		};
		A40A29F61E296F9A003B0761 = {
			isa = PBXGroup;
			children = (
				A40A2A011E296F9A003B0761 /* iOS Sample */,
				A40A2A001E296F9A003B0761 /* Products */,
				14C9C342598A9D1E7182CCE0 /* Pods */,
				4ABEF86C78994D8EE0FA74C8 /* Frameworks */,
			);
			sourceTree = "<group>";
		};
		A40A2A001E296F9A003B0761 /* Products */ = {
			isa = PBXGroup;
			children = (
				A40A29FF1E296F9A003B0761 /* iOS Sample.app */,
			);
			name = Products;
			sourceTree = "<group>";
		};
		A40A2A011E296F9A003B0761 /* iOS Sample */ = {
			isa = PBXGroup;
			children = (
				A40A2A051E296F9A003B0761 /* AppDelegate.h */,
				A40A2A061E296F9A003B0761 /* AppDelegate.m */,
				A40A2A081E296F9A003B0761 /* ViewController.h */,
				A40A2A091E296F9A003B0761 /* ViewController.m */,
				A40A2A0B1E296F9A003B0761 /* Main.storyboard */,
				A40A2A0E1E296F9A003B0761 /* Assets.xcassets */,
				A40A2A101E296F9A003B0761 /* LaunchScreen.storyboard */,
				A40A2A131E296F9A003B0761 /* Info.plist */,
				A40A2A021E296F9A003B0761 /* Supporting Files */,
			);
			path = "iOS Sample";
			sourceTree = "<group>";
		};
		A40A2A021E296F9A003B0761 /* Supporting Files */ = {
			isa = PBXGroup;
			children = (
				A40A2A031E296F9A003B0761 /* main.m */,
			);
			name = "Supporting Files";
			sourceTree = "<group>";
		};
/* End PBXGroup section */

/* Begin PBXNativeTarget section */
		A40A29FE1E296F9A003B0761 /* iOS Sample */ = {
			isa = PBXNativeTarget;
			buildConfigurationList = A40A2A161E296F9A003B0761 /* Build configuration list for PBXNativeTarget "iOS Sample" */;
			buildPhases = (
				47F003A011741C8150F8C213 /* [CP] Check Pods Manifest.lock */,
				A40A29FB1E296F9A003B0761 /* Sources */,
				A40A29FC1E296F9A003B0761 /* Frameworks */,
				A40A29FD1E296F9A003B0761 /* Resources */,
				15F73460E4B47AF6F8D00FFD /* [CP] Embed Pods Frameworks */,
				CAC05DE953834E40B76700CD /* [CP] Copy Pods Resources */,
			);
			buildRules = (
			);
			dependencies = (
			);
			name = "iOS Sample";
			productName = "iOS Sample";
			productReference = A40A29FF1E296F9A003B0761 /* iOS Sample.app */;
			productType = "com.apple.product-type.application";
		};
/* End PBXNativeTarget section */

/* Begin PBXProject section */
		A40A29F71E296F9A003B0761 /* Project object */ = {
			isa = PBXProject;
			attributes = {
				LastUpgradeCheck = 0820;
				ORGANIZATIONNAME = "Abdullah Selek";
				TargetAttributes = {
					A40A29FE1E296F9A003B0761 = {
						CreatedOnToolsVersion = 8.2.1;
						ProvisioningStyle = Automatic;
					};
				};
			};
			buildConfigurationList = A40A29FA1E296F9A003B0761 /* Build configuration list for PBXProject "iOS Sample" */;
			compatibilityVersion = "Xcode 3.2";
			developmentRegion = English;
			hasScannedForEncodings = 0;
			knownRegions = (
				en,
				Base,
			);
			mainGroup = A40A29F61E296F9A003B0761;
			productRefGroup = A40A2A001E296F9A003B0761 /* Products */;
			projectDirPath = "";
			projectRoot = "";
			targets = (
				A40A29FE1E296F9A003B0761 /* iOS Sample */,
			);
		};
/* End PBXProject section */

/* Begin PBXResourcesBuildPhase section */
		A40A29FD1E296F9A003B0761 /* Resources */ = {
			isa = PBXResourcesBuildPhase;
			buildActionMask = 2147483647;
			files = (
				A40A2A121E296F9A003B0761 /* LaunchScreen.storyboard in Resources */,
				A40A2A0F1E296F9A003B0761 /* Assets.xcassets in Resources */,
				A40A2A0D1E296F9A003B0761 /* Main.storyboard in Resources */,
			);
			runOnlyForDeploymentPostprocessing = 0;
		};
/* End PBXResourcesBuildPhase section */

/* Begin PBXShellScriptBuildPhase section */
		15F73460E4B47AF6F8D00FFD /* [CP] Embed Pods Frameworks */ = {
			isa = PBXShellScriptBuildPhase;
			buildActionMask = 2147483647;
			files = (
			);
			inputPaths = (
			);
			name = "[CP] Embed Pods Frameworks";
			outputPaths = (
			);
			runOnlyForDeploymentPostprocessing = 0;
			shellPath = /bin/sh;
			shellScript = "\"${SRCROOT}/../../Pods/Target Support Files/Pods-iOS Sample/Pods-iOS Sample-frameworks.sh\"\n";
			showEnvVarsInLog = 0;
		};
		47F003A011741C8150F8C213 /* [CP] Check Pods Manifest.lock */ = {
			isa = PBXShellScriptBuildPhase;
			buildActionMask = 2147483647;
			files = (
			);
			inputPaths = (
			);
			name = "[CP] Check Pods Manifest.lock";
			outputPaths = (
			);
			runOnlyForDeploymentPostprocessing = 0;
			shellPath = /bin/sh;
			shellScript = "diff \"${PODS_ROOT}/../Podfile.lock\" \"${PODS_ROOT}/Manifest.lock\" > /dev/null\nif [ $? != 0 ] ; then\n    # print error to STDERR\n    echo \"error: The sandbox is not in sync with the Podfile.lock. Run 'pod install' or update your CocoaPods installation.\" >&2\n    exit 1\nfi\n";
			showEnvVarsInLog = 0;
		};
		CAC05DE953834E40B76700CD /* [CP] Copy Pods Resources */ = {
			isa = PBXShellScriptBuildPhase;
			buildActionMask = 2147483647;
			files = (
			);
			inputPaths = (
			);
			name = "[CP] Copy Pods Resources";
			outputPaths = (
			);
			runOnlyForDeploymentPostprocessing = 0;
			shellPath = /bin/sh;
			shellScript = "\"${SRCROOT}/../../Pods/Target Support Files/Pods-iOS Sample/Pods-iOS Sample-resources.sh\"\n";
			showEnvVarsInLog = 0;
		};
/* End PBXShellScriptBuildPhase section */

/* Begin PBXSourcesBuildPhase section */
		A40A29FB1E296F9A003B0761 /* Sources */ = {
			isa = PBXSourcesBuildPhase;
			buildActionMask = 2147483647;
			files = (
				A40A2A0A1E296F9A003B0761 /* ViewController.m in Sources */,
				A40A2A071E296F9A003B0761 /* AppDelegate.m in Sources */,
				A40A2A041E296F9A003B0761 /* main.m in Sources */,
			);
			runOnlyForDeploymentPostprocessing = 0;
		};
/* End PBXSourcesBuildPhase section */

/* Begin PBXVariantGroup section */
		A40A2A0B1E296F9A003B0761 /* Main.storyboard */ = {
			isa = PBXVariantGroup;
			children = (
				A40A2A0C1E296F9A003B0761 /* Base */,
			);
			name = Main.storyboard;
			sourceTree = "<group>";
		};
		A40A2A101E296F9A003B0761 /* LaunchScreen.storyboard */ = {
			isa = PBXVariantGroup;
			children = (
				A40A2A111E296F9A003B0761 /* Base */,
			);
			name = LaunchScreen.storyboard;
			sourceTree = "<group>";
		};
/* End PBXVariantGroup section */

/* Begin XCBuildConfiguration section */
		A40A2A141E296F9A003B0761 /* Debug */ = {
			isa = XCBuildConfiguration;
			buildSettings = {
				ALWAYS_SEARCH_USER_PATHS = NO;
				CLANG_ANALYZER_NONNULL = YES;
				CLANG_CXX_LANGUAGE_STANDARD = "gnu++0x";
				CLANG_CXX_LIBRARY = "libc++";
				CLANG_ENABLE_MODULES = YES;
				CLANG_ENABLE_OBJC_ARC = YES;
				CLANG_WARN_BOOL_CONVERSION = YES;
				CLANG_WARN_CONSTANT_CONVERSION = YES;
				CLANG_WARN_DIRECT_OBJC_ISA_USAGE = YES_ERROR;
				CLANG_WARN_DOCUMENTATION_COMMENTS = YES;
				CLANG_WARN_EMPTY_BODY = YES;
				CLANG_WARN_ENUM_CONVERSION = YES;
				CLANG_WARN_INFINITE_RECURSION = YES;
				CLANG_WARN_INT_CONVERSION = YES;
				CLANG_WARN_OBJC_ROOT_CLASS = YES_ERROR;
				CLANG_WARN_SUSPICIOUS_MOVE = YES;
				CLANG_WARN_UNREACHABLE_CODE = YES;
				CLANG_WARN__DUPLICATE_METHOD_MATCH = YES;
				"CODE_SIGN_IDENTITY[sdk=iphoneos*]" = "iPhone Developer";
				COPY_PHASE_STRIP = NO;
				DEBUG_INFORMATION_FORMAT = dwarf;
				ENABLE_STRICT_OBJC_MSGSEND = YES;
				ENABLE_TESTABILITY = YES;
				GCC_C_LANGUAGE_STANDARD = gnu99;
				GCC_DYNAMIC_NO_PIC = NO;
				GCC_NO_COMMON_BLOCKS = YES;
				GCC_OPTIMIZATION_LEVEL = 0;
				GCC_PREPROCESSOR_DEFINITIONS = (
					"DEBUG=1",
					"$(inherited)",
				);
				GCC_WARN_64_TO_32_BIT_CONVERSION = YES;
				GCC_WARN_ABOUT_RETURN_TYPE = YES_ERROR;
				GCC_WARN_UNDECLARED_SELECTOR = YES;
				GCC_WARN_UNINITIALIZED_AUTOS = YES_AGGRESSIVE;
				GCC_WARN_UNUSED_FUNCTION = YES;
				GCC_WARN_UNUSED_VARIABLE = YES;
				IPHONEOS_DEPLOYMENT_TARGET = 9.0;
				MTL_ENABLE_DEBUG_INFO = YES;
				ONLY_ACTIVE_ARCH = YES;
				SDKROOT = iphoneos;
				TARGETED_DEVICE_FAMILY = "1,2";
			};
			name = Debug;
		};
		A40A2A151E296F9A003B0761 /* Release */ = {
			isa = XCBuildConfiguration;
			buildSettings = {
				ALWAYS_SEARCH_USER_PATHS = NO;
				CLANG_ANALYZER_NONNULL = YES;
				CLANG_CXX_LANGUAGE_STANDARD = "gnu++0x";
				CLANG_CXX_LIBRARY = "libc++";
				CLANG_ENABLE_MODULES = YES;
				CLANG_ENABLE_OBJC_ARC = YES;
				CLANG_WARN_BOOL_CONVERSION = YES;
				CLANG_WARN_CONSTANT_CONVERSION = YES;
				CLANG_WARN_DIRECT_OBJC_ISA_USAGE = YES_ERROR;
				CLANG_WARN_DOCUMENTATION_COMMENTS = YES;
				CLANG_WARN_EMPTY_BODY = YES;
				CLANG_WARN_ENUM_CONVERSION = YES;
				CLANG_WARN_INFINITE_RECURSION = YES;
				CLANG_WARN_INT_CONVERSION = YES;
				CLANG_WARN_OBJC_ROOT_CLASS = YES_ERROR;
				CLANG_WARN_SUSPICIOUS_MOVE = YES;
				CLANG_WARN_UNREACHABLE_CODE = YES;
				CLANG_WARN__DUPLICATE_METHOD_MATCH = YES;
				"CODE_SIGN_IDENTITY[sdk=iphoneos*]" = "iPhone Developer";
				COPY_PHASE_STRIP = NO;
				DEBUG_INFORMATION_FORMAT = "dwarf-with-dsym";
				ENABLE_NS_ASSERTIONS = NO;
				ENABLE_STRICT_OBJC_MSGSEND = YES;
				GCC_C_LANGUAGE_STANDARD = gnu99;
				GCC_NO_COMMON_BLOCKS = YES;
				GCC_WARN_64_TO_32_BIT_CONVERSION = YES;
				GCC_WARN_ABOUT_RETURN_TYPE = YES_ERROR;
				GCC_WARN_UNDECLARED_SELECTOR = YES;
				GCC_WARN_UNINITIALIZED_AUTOS = YES_AGGRESSIVE;
				GCC_WARN_UNUSED_FUNCTION = YES;
				GCC_WARN_UNUSED_VARIABLE = YES;
				IPHONEOS_DEPLOYMENT_TARGET = 9.0;
				MTL_ENABLE_DEBUG_INFO = NO;
				SDKROOT = iphoneos;
				TARGETED_DEVICE_FAMILY = "1,2";
				VALIDATE_PRODUCT = YES;
			};
			name = Release;
		};
		A40A2A171E296F9A003B0761 /* Debug */ = {
			isa = XCBuildConfiguration;
			baseConfigurationReference = C271CFD1F4124714E9E3FAAF /* Pods-iOS Sample.debug.xcconfig */;
			buildSettings = {
				ASSETCATALOG_COMPILER_APPICON_NAME = AppIcon;
				INFOPLIST_FILE = "iOS Sample/Info.plist";
				LD_RUNPATH_SEARCH_PATHS = "$(inherited) @executable_path/Frameworks";
				PRODUCT_BUNDLE_IDENTIFIER = "com.abdullahselek.iOS-Sample";
				PRODUCT_NAME = "$(TARGET_NAME)";
			};
			name = Debug;
		};
		A40A2A181E296F9A003B0761 /* Release */ = {
			isa = XCBuildConfiguration;
			baseConfigurationReference = BF7C0514CC3AAA7A7B9ABB5C /* Pods-iOS Sample.release.xcconfig */;
			buildSettings = {
				ASSETCATALOG_COMPILER_APPICON_NAME = AppIcon;
				INFOPLIST_FILE = "iOS Sample/Info.plist";
				LD_RUNPATH_SEARCH_PATHS = "$(inherited) @executable_path/Frameworks";
				PRODUCT_BUNDLE_IDENTIFIER = "com.abdullahselek.iOS-Sample";
				PRODUCT_NAME = "$(TARGET_NAME)";
			};
			name = Release;
		};
/* End XCBuildConfiguration section */

/* Begin XCConfigurationList section */
		A40A29FA1E296F9A003B0761 /* Build configuration list for PBXProject "iOS Sample" */ = {
			isa = XCConfigurationList;
			buildConfigurations = (
				A40A2A141E296F9A003B0761 /* Debug */,
				A40A2A151E296F9A003B0761 /* Release */,
			);
			defaultConfigurationIsVisible = 0;
			defaultConfigurationName = Release;
		};
		A40A2A161E296F9A003B0761 /* Build configuration list for PBXNativeTarget "iOS Sample" */ = {
			isa = XCConfigurationList;
			buildConfigurations = (
				A40A2A171E296F9A003B0761 /* Debug */,
				A40A2A181E296F9A003B0761 /* Release */,
			);
			defaultConfigurationIsVisible = 0;
			defaultConfigurationName = Release;
		};
/* End XCConfigurationList section */
	};
	rootObject = A40A29F71E296F9A003B0761 /* Project object */;
}
